
Microsoft Visual Studio Solution File, Format Version 12.00
# Visual Studio Version 17
VisualStudioVersion = 17.7.34031.279
MinimumVisualStudioVersion = 10.0.40219.1
Project("{FAE04EC0-301F-11D3-BF4B-00C04F79EFBC}") = "AnimalList", "AnimalList.csproj", "{A7DBE110-BAF3-4951-924D-D23B8B683CFA}"
EndProject
Global
	GlobalSection(SolutionConfigurationPlatforms) = preSolution
		Debug|Any CPU = Debug|Any CPU
		Release|Any CPU = Release|Any CPU
	EndGlobalSection
	GlobalSection(ProjectConfigurationPlatforms) = postSolution
		{A7DBE110-BAF3-4951-924D-D23B8B683CFA}.Debug|Any CPU.ActiveCfg = Debug|Any CPU
		{A7DBE110-BAF3-4951-924D-D23B8B683CFA}.Debug|Any CPU.Build.0 = Debug|Any CPU
		{A7DBE110-BAF3-4951-924D-D23B8B683CFA}.Release|Any CPU.ActiveCfg = Release|Any CPU
		{A7DBE110-BAF3-4951-924D-D23B8B683CFA}.Release|Any CPU.Build.0 = Release|Any CPU
	EndGlobalSection
	GlobalSection(SolutionProperties) = preSolution
		HideSolutionNode = FALSE
	EndGlobalSection
	GlobalSection(ExtensibilityGlobals) = postSolution
		SolutionGuid = {C0003069-24A4-4FBA-AD57-710D31C60F91}
	EndGlobalSection
EndGlobal
